// !$*UTF8*$!
{
	archiveVersion = 1;
	classes = {
	};
	objectVersion = 56;
	objects = {

/* Begin PBXBuildFile section */
		4E04060A2A33F4E800572E17 /* AnimalListView.swift in Sources */ = {isa = PBXBuildFile; fileRef = 4E0406092A33F4E800572E17 /* AnimalListView.swift */; };
		4E04060C2A33F68000572E17 /* AnimalModel.swift in Sources */ = {isa = PBXBuildFile; fileRef = 4E04060B2A33F68000572E17 /* AnimalModel.swift */; };
		4E04060E2A33FB1700572E17 /* AnimalDetailView.swift in Sources */ = {isa = PBXBuildFile; fileRef = 4E04060D2A33FB1700572E17 /* AnimalDetailView.swift */; };
		4E0406102A33FD6200572E17 /* HeadingView.swift in Sources */ = {isa = PBXBuildFile; fileRef = 4E04060F2A33FD6200572E17 /* HeadingView.swift */; };
		4E0406122A33FE1C00572E17 /* InsetGalleryView.swift in Sources */ = {isa = PBXBuildFile; fileRef = 4E0406112A33FE1C00572E17 /* InsetGalleryView.swift */; };
		4E0406142A34006200572E17 /* InsetFactView.swift in Sources */ = {isa = PBXBuildFile; fileRef = 4E0406132A34006200572E17 /* InsetFactView.swift */; };
		4E0406162A3403A700572E17 /* InsetMapView.swift in Sources */ = {isa = PBXBuildFile; fileRef = 4E0406152A3403A700572E17 /* InsetMapView.swift */; };
		4E0406182A340F9A00572E17 /* ExternalWeblinkView.swift in Sources */ = {isa = PBXBuildFile; fileRef = 4E0406172A340F9A00572E17 /* ExternalWeblinkView.swift */; };
		4E3CF2332A2E30460089D5B1 /* AfricaApp.swift in Sources */ = {isa = PBXBuildFile; fileRef = 4E3CF2322A2E30460089D5B1 /* AfricaApp.swift */; };
		4E3CF2352A2E30460089D5B1 /* ContentView.swift in Sources */ = {isa = PBXBuildFile; fileRef = 4E3CF2342A2E30460089D5B1 /* ContentView.swift */; };
		4E3CF2372A2E30490089D5B1 /* Assets.xcassets in Resources */ = {isa = PBXBuildFile; fileRef = 4E3CF2362A2E30490089D5B1 /* Assets.xcassets */; };
		4E3CF23A2A2E30490089D5B1 /* Preview Assets.xcassets in Resources */ = {isa = PBXBuildFile; fileRef = 4E3CF2392A2E30490089D5B1 /* Preview Assets.xcassets */; };
		4E3CF24B2A2E43FE0089D5B1 /* rhino.mp4 in Resources */ = {isa = PBXBuildFile; fileRef = 4E3CF2412A2E43F80089D5B1 /* rhino.mp4 */; };
		4E3CF24C2A2E43FE0089D5B1 /* hippo.mp4 in Resources */ = {isa = PBXBuildFile; fileRef = 4E3CF2422A2E43F90089D5B1 /* hippo.mp4 */; };
		4E3CF24D2A2E43FE0089D5B1 /* giraffe.mp4 in Resources */ = {isa = PBXBuildFile; fileRef = 4E3CF2432A2E43F90089D5B1 /* giraffe.mp4 */; };
		4E3CF24E2A2E43FE0089D5B1 /* elephant.mp4 in Resources */ = {isa = PBXBuildFile; fileRef = 4E3CF2442A2E43FA0089D5B1 /* elephant.mp4 */; };
		4E3CF24F2A2E43FE0089D5B1 /* zebra.mp4 in Resources */ = {isa = PBXBuildFile; fileRef = 4E3CF2452A2E43FB0089D5B1 /* zebra.mp4 */; };
		4E3CF2502A2E43FE0089D5B1 /* gorilla.mp4 in Resources */ = {isa = PBXBuildFile; fileRef = 4E3CF2462A2E43FB0089D5B1 /* gorilla.mp4 */; };
		4E3CF2512A2E43FE0089D5B1 /* lion.mp4 in Resources */ = {isa = PBXBuildFile; fileRef = 4E3CF2472A2E43FC0089D5B1 /* lion.mp4 */; };
		4E3CF2522A2E43FE0089D5B1 /* ostrich.mp4 in Resources */ = {isa = PBXBuildFile; fileRef = 4E3CF2482A2E43FD0089D5B1 /* ostrich.mp4 */; };
		4E3CF2532A2E43FE0089D5B1 /* cheetah.mp4 in Resources */ = {isa = PBXBuildFile; fileRef = 4E3CF2492A2E43FD0089D5B1 /* cheetah.mp4 */; };
		4E3CF2542A2E43FE0089D5B1 /* lioness.mp4 in Resources */ = {isa = PBXBuildFile; fileRef = 4E3CF24A2A2E43FE0089D5B1 /* lioness.mp4 */; };
		4E3CF25A2A2E442D0089D5B1 /* covers.json in Resources */ = {isa = PBXBuildFile; fileRef = 4E3CF2562A2E442D0089D5B1 /* covers.json */; };
		4E3CF25B2A2E442D0089D5B1 /* videos.json in Resources */ = {isa = PBXBuildFile; fileRef = 4E3CF2572A2E442D0089D5B1 /* videos.json */; };
		4E3CF25C2A2E442D0089D5B1 /* locations.json in Resources */ = {isa = PBXBuildFile; fileRef = 4E3CF2582A2E442D0089D5B1 /* locations.json */; };
		4E3CF25D2A2E442D0089D5B1 /* animals.json in Resources */ = {isa = PBXBuildFile; fileRef = 4E3CF2592A2E442D0089D5B1 /* animals.json */; };
		4E4C20DC2A311CF5008DF249 /* VideoListView.swift in Sources */ = {isa = PBXBuildFile; fileRef = 4E4C20DB2A311CF5008DF249 /* VideoListView.swift */; };
		4EF950AF2A312870009D43DB /* MapView.swift in Sources */ = {isa = PBXBuildFile; fileRef = 4EF950AE2A312870009D43DB /* MapView.swift */; };
		4EF950B12A312B25009D43DB /* GalleryView.swift in Sources */ = {isa = PBXBuildFile; fileRef = 4EF950B02A312B25009D43DB /* GalleryView.swift */; };
		4EF950B32A312DA1009D43DB /* MainView.swift in Sources */ = {isa = PBXBuildFile; fileRef = 4EF950B22A312DA1009D43DB /* MainView.swift */; };
		4EF950B62A31301A009D43DB /* CoverImageView.swift in Sources */ = {isa = PBXBuildFile; fileRef = 4EF950B52A31301A009D43DB /* CoverImageView.swift */; };
		4EF950B92A3131D3009D43DB /* CoverImageModel.swift in Sources */ = {isa = PBXBuildFile; fileRef = 4EF950B82A3131D3009D43DB /* CoverImageModel.swift */; };
		4EF950BC2A313287009D43DB /* CodableBundleExtension.swift in Sources */ = {isa = PBXBuildFile; fileRef = 4EF950BB2A313287009D43DB /* CodableBundleExtension.swift */; };
		4EFE963C2A3BA8500078BE3C /* VideoModel.swift in Sources */ = {isa = PBXBuildFile; fileRef = 4EFE963B2A3BA8500078BE3C /* VideoModel.swift */; };
		4EFE963E2A3BA8A20078BE3C /* VideoListItemView.swift in Sources */ = {isa = PBXBuildFile; fileRef = 4EFE963D2A3BA8A20078BE3C /* VideoListItemView.swift */; };
		4EFE96402A3BAD620078BE3C /* VideoPlayerView.swift in Sources */ = {isa = PBXBuildFile; fileRef = 4EFE963F2A3BAD620078BE3C /* VideoPlayerView.swift */; };
		4EFE96432A3BAE270078BE3C /* VideoPlayerHelper.swift in Sources */ = {isa = PBXBuildFile; fileRef = 4EFE96422A3BAE270078BE3C /* VideoPlayerHelper.swift */; };
		4EFE96452A3C4DC80078BE3C /* LocationModel.swift in Sources */ = {isa = PBXBuildFile; fileRef = 4EFE96442A3C4DC80078BE3C /* LocationModel.swift */; };
		4EFE96472A3C54DF0078BE3C /* MapAnnotationView.swift in Sources */ = {isa = PBXBuildFile; fileRef = 4EFE96462A3C54DF0078BE3C /* MapAnnotationView.swift */; };
		4EFE96492A3C589F0078BE3C /* MotionAnimationView.swift in Sources */ = {isa = PBXBuildFile; fileRef = 4EFE96482A3C589F0078BE3C /* MotionAnimationView.swift */; };
		4EFE964B2A3C755E0078BE3C /* AnimalGridItemView.swift in Sources */ = {isa = PBXBuildFile; fileRef = 4EFE964A2A3C755E0078BE3C /* AnimalGridItemView.swift */; };
		4EFE96512A3CF9430078BE3C /* Stickers.xcassets in Resources */ = {isa = PBXBuildFile; fileRef = 4EFE96502A3CF9430078BE3C /* Stickers.xcassets */; };
		4EFE96552A3CF9430078BE3C /* Stickers.appex in Embed Foundation Extensions */ = {isa = PBXBuildFile; fileRef = 4EFE964E2A3CF9410078BE3C /* Stickers.appex */; platformFilter = ios; settings = {ATTRIBUTES = (RemoveHeadersOnCopy, ); }; };
		4EFE965B2A3CFB870078BE3C /* CreditsView.swift in Sources */ = {isa = PBXBuildFile; fileRef = 4EFE965A2A3CFB870078BE3C /* CreditsView.swift */; };
		4EFE965E2A3CFD280078BE3C /* CenterModifier.swift in Sources */ = {isa = PBXBuildFile; fileRef = 4EFE965D2A3CFD280078BE3C /* CenterModifier.swift */; };
/* End PBXBuildFile section */

/* Begin PBXContainerItemProxy section */
		4EFE96532A3CF9430078BE3C /* PBXContainerItemProxy */ = {
			isa = PBXContainerItemProxy;
			containerPortal = 4E3CF2272A2E30450089D5B1 /* Project object */;
			proxyType = 1;
			remoteGlobalIDString = 4EFE964D2A3CF9410078BE3C;
			remoteInfo = Stickers;
		};
/* End PBXContainerItemProxy section */

/* Begin PBXCopyFilesBuildPhase section */
		4EFE96592A3CF9430078BE3C /* Embed Foundation Extensions */ = {
			isa = PBXCopyFilesBuildPhase;
			buildActionMask = 2147483647;
			dstPath = "";
			dstSubfolderSpec = 13;
			files = (
				4EFE96552A3CF9430078BE3C /* Stickers.appex in Embed Foundation Extensions */,
			);
			name = "Embed Foundation Extensions";
			runOnlyForDeploymentPostprocessing = 0;
		};
/* End PBXCopyFilesBuildPhase section */

/* Begin PBXFileReference section */
		4E0406092A33F4E800572E17 /* AnimalListView.swift */ = {isa = PBXFileReference; lastKnownFileType = sourcecode.swift; path = AnimalListView.swift; sourceTree = "<group>"; };
		4E04060B2A33F68000572E17 /* AnimalModel.swift */ = {isa = PBXFileReference; lastKnownFileType = sourcecode.swift; path = AnimalModel.swift; sourceTree = "<group>"; };
		4E04060D2A33FB1700572E17 /* AnimalDetailView.swift */ = {isa = PBXFileReference; lastKnownFileType = sourcecode.swift; path = AnimalDetailView.swift; sourceTree = "<group>"; };
		4E04060F2A33FD6200572E17 /* HeadingView.swift */ = {isa = PBXFileReference; lastKnownFileType = sourcecode.swift; path = HeadingView.swift; sourceTree = "<group>"; };
		4E0406112A33FE1C00572E17 /* InsetGalleryView.swift */ = {isa = PBXFileReference; lastKnownFileType = sourcecode.swift; path = InsetGalleryView.swift; sourceTree = "<group>"; };
		4E0406132A34006200572E17 /* InsetFactView.swift */ = {isa = PBXFileReference; lastKnownFileType = sourcecode.swift; path = InsetFactView.swift; sourceTree = "<group>"; };
		4E0406152A3403A700572E17 /* InsetMapView.swift */ = {isa = PBXFileReference; lastKnownFileType = sourcecode.swift; path = InsetMapView.swift; sourceTree = "<group>"; };
		4E0406172A340F9A00572E17 /* ExternalWeblinkView.swift */ = {isa = PBXFileReference; lastKnownFileType = sourcecode.swift; path = ExternalWeblinkView.swift; sourceTree = "<group>"; };
		4E3CF22F2A2E30460089D5B1 /* Africa.app */ = {isa = PBXFileReference; explicitFileType = wrapper.application; includeInIndex = 0; path = Africa.app; sourceTree = BUILT_PRODUCTS_DIR; };
		4E3CF2322A2E30460089D5B1 /* AfricaApp.swift */ = {isa = PBXFileReference; lastKnownFileType = sourcecode.swift; path = AfricaApp.swift; sourceTree = "<group>"; };
		4E3CF2342A2E30460089D5B1 /* ContentView.swift */ = {isa = PBXFileReference; lastKnownFileType = sourcecode.swift; path = ContentView.swift; sourceTree = "<group>"; };
		4E3CF2362A2E30490089D5B1 /* Assets.xcassets */ = {isa = PBXFileReference; lastKnownFileType = folder.assetcatalog; path = Assets.xcassets; sourceTree = "<group>"; };
		4E3CF2392A2E30490089D5B1 /* Preview Assets.xcassets */ = {isa = PBXFileReference; lastKnownFileType = folder.assetcatalog; path = "Preview Assets.xcassets"; sourceTree = "<group>"; };
		4E3CF2412A2E43F80089D5B1 /* rhino.mp4 */ = {isa = PBXFileReference; lastKnownFileType = file; path = rhino.mp4; sourceTree = "<group>"; };
		4E3CF2422A2E43F90089D5B1 /* hippo.mp4 */ = {isa = PBXFileReference; lastKnownFileType = file; path = hippo.mp4; sourceTree = "<group>"; };
		4E3CF2432A2E43F90089D5B1 /* giraffe.mp4 */ = {isa = PBXFileReference; lastKnownFileType = file; path = giraffe.mp4; sourceTree = "<group>"; };
		4E3CF2442A2E43FA0089D5B1 /* elephant.mp4 */ = {isa = PBXFileReference; lastKnownFileType = file; path = elephant.mp4; sourceTree = "<group>"; };
		4E3CF2452A2E43FB0089D5B1 /* zebra.mp4 */ = {isa = PBXFileReference; lastKnownFileType = file; path = zebra.mp4; sourceTree = "<group>"; };
		4E3CF2462A2E43FB0089D5B1 /* gorilla.mp4 */ = {isa = PBXFileReference; lastKnownFileType = file; path = gorilla.mp4; sourceTree = "<group>"; };
		4E3CF2472A2E43FC0089D5B1 /* lion.mp4 */ = {isa = PBXFileReference; lastKnownFileType = file; path = lion.mp4; sourceTree = "<group>"; };
		4E3CF2482A2E43FD0089D5B1 /* ostrich.mp4 */ = {isa = PBXFileReference; lastKnownFileType = file; path = ostrich.mp4; sourceTree = "<group>"; };
		4E3CF2492A2E43FD0089D5B1 /* cheetah.mp4 */ = {isa = PBXFileReference; lastKnownFileType = file; path = cheetah.mp4; sourceTree = "<group>"; };
		4E3CF24A2A2E43FE0089D5B1 /* lioness.mp4 */ = {isa = PBXFileReference; lastKnownFileType = file; path = lioness.mp4; sourceTree = "<group>"; };
		4E3CF2562A2E442D0089D5B1 /* covers.json */ = {isa = PBXFileReference; fileEncoding = 4; lastKnownFileType = text.json; path = covers.json; sourceTree = "<group>"; };
		4E3CF2572A2E442D0089D5B1 /* videos.json */ = {isa = PBXFileReference; fileEncoding = 4; lastKnownFileType = text.json; path = videos.json; sourceTree = "<group>"; };
		4E3CF2582A2E442D0089D5B1 /* locations.json */ = {isa = PBXFileReference; fileEncoding = 4; lastKnownFileType = text.json; path = locations.json; sourceTree = "<group>"; };
		4E3CF2592A2E442D0089D5B1 /* animals.json */ = {isa = PBXFileReference; fileEncoding = 4; lastKnownFileType = text.json; path = animals.json; sourceTree = "<group>"; };
		4E4C20D92A311C25008DF249 /* Info.plist */ = {isa = PBXFileReference; lastKnownFileType = text.plist.xml; path = Info.plist; sourceTree = "<group>"; };
		4E4C20DB2A311CF5008DF249 /* VideoListView.swift */ = {isa = PBXFileReference; lastKnownFileType = sourcecode.swift; path = VideoListView.swift; sourceTree = "<group>"; };
		4EF950AE2A312870009D43DB /* MapView.swift */ = {isa = PBXFileReference; lastKnownFileType = sourcecode.swift; path = MapView.swift; sourceTree = "<group>"; };
		4EF950B02A312B25009D43DB /* GalleryView.swift */ = {isa = PBXFileReference; lastKnownFileType = sourcecode.swift; path = GalleryView.swift; sourceTree = "<group>"; };
		4EF950B22A312DA1009D43DB /* MainView.swift */ = {isa = PBXFileReference; lastKnownFileType = sourcecode.swift; path = MainView.swift; sourceTree = "<group>"; };
		4EF950B52A31301A009D43DB /* CoverImageView.swift */ = {isa = PBXFileReference; lastKnownFileType = sourcecode.swift; path = CoverImageView.swift; sourceTree = "<group>"; };
		4EF950B82A3131D3009D43DB /* CoverImageModel.swift */ = {isa = PBXFileReference; lastKnownFileType = sourcecode.swift; path = CoverImageModel.swift; sourceTree = "<group>"; };
		4EF950BB2A313287009D43DB /* CodableBundleExtension.swift */ = {isa = PBXFileReference; lastKnownFileType = sourcecode.swift; path = CodableBundleExtension.swift; sourceTree = "<group>"; };
		4EFE963B2A3BA8500078BE3C /* VideoModel.swift */ = {isa = PBXFileReference; lastKnownFileType = sourcecode.swift; path = VideoModel.swift; sourceTree = "<group>"; };
		4EFE963D2A3BA8A20078BE3C /* VideoListItemView.swift */ = {isa = PBXFileReference; lastKnownFileType = sourcecode.swift; path = VideoListItemView.swift; sourceTree = "<group>"; };
		4EFE963F2A3BAD620078BE3C /* VideoPlayerView.swift */ = {isa = PBXFileReference; lastKnownFileType = sourcecode.swift; path = VideoPlayerView.swift; sourceTree = "<group>"; };
		4EFE96422A3BAE270078BE3C /* VideoPlayerHelper.swift */ = {isa = PBXFileReference; lastKnownFileType = sourcecode.swift; path = VideoPlayerHelper.swift; sourceTree = "<group>"; };
		4EFE96442A3C4DC80078BE3C /* LocationModel.swift */ = {isa = PBXFileReference; lastKnownFileType = sourcecode.swift; path = LocationModel.swift; sourceTree = "<group>"; };
		4EFE96462A3C54DF0078BE3C /* MapAnnotationView.swift */ = {isa = PBXFileReference; lastKnownFileType = sourcecode.swift; path = MapAnnotationView.swift; sourceTree = "<group>"; };
		4EFE96482A3C589F0078BE3C /* MotionAnimationView.swift */ = {isa = PBXFileReference; lastKnownFileType = sourcecode.swift; path = MotionAnimationView.swift; sourceTree = "<group>"; };
		4EFE964A2A3C755E0078BE3C /* AnimalGridItemView.swift */ = {isa = PBXFileReference; lastKnownFileType = sourcecode.swift; path = AnimalGridItemView.swift; sourceTree = "<group>"; };
		4EFE964E2A3CF9410078BE3C /* Stickers.appex */ = {isa = PBXFileReference; explicitFileType = "wrapper.app-extension"; includeInIndex = 0; path = Stickers.appex; sourceTree = BUILT_PRODUCTS_DIR; };
		4EFE96502A3CF9430078BE3C /* Stickers.xcassets */ = {isa = PBXFileReference; lastKnownFileType = folder.assetcatalog; path = Stickers.xcassets; sourceTree = "<group>"; };
		4EFE96522A3CF9430078BE3C /* Info.plist */ = {isa = PBXFileReference; lastKnownFileType = text.plist.xml; path = Info.plist; sourceTree = "<group>"; };
		4EFE965A2A3CFB870078BE3C /* CreditsView.swift */ = {isa = PBXFileReference; lastKnownFileType = sourcecode.swift; path = CreditsView.swift; sourceTree = "<group>"; };
		4EFE965D2A3CFD280078BE3C /* CenterModifier.swift */ = {isa = PBXFileReference; lastKnownFileType = sourcecode.swift; path = CenterModifier.swift; sourceTree = "<group>"; };
		4EFE965F2A3D01E60078BE3C /* Africa.entitlements */ = {isa = PBXFileReference; lastKnownFileType = text.plist.entitlements; path = Africa.entitlements; sourceTree = "<group>"; };
/* End PBXFileReference section */

/* Begin PBXFrameworksBuildPhase section */
		4E3CF22C2A2E30460089D5B1 /* Frameworks */ = {
			isa = PBXFrameworksBuildPhase;
			buildActionMask = 2147483647;
			files = (
			);
			runOnlyForDeploymentPostprocessing = 0;
		};
/* End PBXFrameworksBuildPhase section */

/* Begin PBXGroup section */
		4E3CF2262A2E30450089D5B1 = {
			isa = PBXGroup;
			children = (
				4E3CF2312A2E30460089D5B1 /* Africa */,
				4EFE964F2A3CF9410078BE3C /* Stickers */,
				4E3CF2302A2E30460089D5B1 /* Products */,
			);
			sourceTree = "<group>";
		};
		4E3CF2302A2E30460089D5B1 /* Products */ = {
			isa = PBXGroup;
			children = (
				4E3CF22F2A2E30460089D5B1 /* Africa.app */,
				4EFE964E2A3CF9410078BE3C /* Stickers.appex */,
			);
			name = Products;
			sourceTree = "<group>";
		};
		4E3CF2312A2E30460089D5B1 /* Africa */ = {
			isa = PBXGroup;
			children = (
				4EFE965F2A3D01E60078BE3C /* Africa.entitlements */,
				4EFE965C2A3CFD160078BE3C /* Modifier */,
				4EFE96412A3BAE100078BE3C /* Helper */,
				4EF950BA2A313279009D43DB /* Extension */,
				4EF950B72A3131C6009D43DB /* Model */,
				4EF950B42A31300B009D43DB /* View */,
				4E4C20D92A311C25008DF249 /* Info.plist */,
				4E3CF2552A2E44180089D5B1 /* Data */,
				4E3CF2402A2E43D70089D5B1 /* Video */,
				4E4C20DA2A311CAC008DF249 /* App */,
				4E3CF2362A2E30490089D5B1 /* Assets.xcassets */,
				4E3CF2382A2E30490089D5B1 /* Preview Content */,
			);
			path = Africa;
			sourceTree = "<group>";
		};
		4E3CF2382A2E30490089D5B1 /* Preview Content */ = {
			isa = PBXGroup;
			children = (
				4E3CF2392A2E30490089D5B1 /* Preview Assets.xcassets */,
			);
			path = "Preview Content";
			sourceTree = "<group>";
		};
		4E3CF2402A2E43D70089D5B1 /* Video */ = {
			isa = PBXGroup;
			children = (
				4E3CF2492A2E43FD0089D5B1 /* cheetah.mp4 */,
				4E3CF2442A2E43FA0089D5B1 /* elephant.mp4 */,
				4E3CF2432A2E43F90089D5B1 /* giraffe.mp4 */,
				4E3CF2462A2E43FB0089D5B1 /* gorilla.mp4 */,
				4E3CF2422A2E43F90089D5B1 /* hippo.mp4 */,
				4E3CF2472A2E43FC0089D5B1 /* lion.mp4 */,
				4E3CF24A2A2E43FE0089D5B1 /* lioness.mp4 */,
				4E3CF2482A2E43FD0089D5B1 /* ostrich.mp4 */,
				4E3CF2412A2E43F80089D5B1 /* rhino.mp4 */,
				4E3CF2452A2E43FB0089D5B1 /* zebra.mp4 */,
			);
			path = Video;
			sourceTree = "<group>";
		};
		4E3CF2552A2E44180089D5B1 /* Data */ = {
			isa = PBXGroup;
			children = (
				4E3CF2592A2E442D0089D5B1 /* animals.json */,
				4E3CF2562A2E442D0089D5B1 /* covers.json */,
				4E3CF2582A2E442D0089D5B1 /* locations.json */,
				4E3CF2572A2E442D0089D5B1 /* videos.json */,
			);
			path = Data;
			sourceTree = "<group>";
		};
		4E4C20DA2A311CAC008DF249 /* App */ = {
			isa = PBXGroup;
			children = (
				4E3CF2322A2E30460089D5B1 /* AfricaApp.swift */,
				4E3CF2342A2E30460089D5B1 /* ContentView.swift */,
				4E4C20DB2A311CF5008DF249 /* VideoListView.swift */,
				4EF950AE2A312870009D43DB /* MapView.swift */,
				4EF950B02A312B25009D43DB /* GalleryView.swift */,
				4EF950B22A312DA1009D43DB /* MainView.swift */,
			);
			path = App;
			sourceTree = "<group>";
		};
		4EF950B42A31300B009D43DB /* View */ = {
			isa = PBXGroup;
			children = (
				4EF950B52A31301A009D43DB /* CoverImageView.swift */,
				4E0406092A33F4E800572E17 /* AnimalListView.swift */,
				4E04060D2A33FB1700572E17 /* AnimalDetailView.swift */,
				4E04060F2A33FD6200572E17 /* HeadingView.swift */,
				4E0406112A33FE1C00572E17 /* InsetGalleryView.swift */,
				4E0406132A34006200572E17 /* InsetFactView.swift */,
				4E0406152A3403A700572E17 /* InsetMapView.swift */,
				4E0406172A340F9A00572E17 /* ExternalWeblinkView.swift */,
				4EFE963D2A3BA8A20078BE3C /* VideoListItemView.swift */,
				4EFE963F2A3BAD620078BE3C /* VideoPlayerView.swift */,
				4EFE96462A3C54DF0078BE3C /* MapAnnotationView.swift */,
				4EFE96482A3C589F0078BE3C /* MotionAnimationView.swift */,
				4EFE964A2A3C755E0078BE3C /* AnimalGridItemView.swift */,
				4EFE965A2A3CFB870078BE3C /* CreditsView.swift */,
			);
			path = View;
			sourceTree = "<group>";
		};
		4EF950B72A3131C6009D43DB /* Model */ = {
			isa = PBXGroup;
			children = (
				4EF950B82A3131D3009D43DB /* CoverImageModel.swift */,
				4E04060B2A33F68000572E17 /* AnimalModel.swift */,
				4EFE963B2A3BA8500078BE3C /* VideoModel.swift */,
				4EFE96442A3C4DC80078BE3C /* LocationModel.swift */,
			);
			path = Model;
			sourceTree = "<group>";
		};
		4EF950BA2A313279009D43DB /* Extension */ = {
			isa = PBXGroup;
			children = (
				4EF950BB2A313287009D43DB /* CodableBundleExtension.swift */,
			);
			path = Extension;
			sourceTree = "<group>";
		};
		4EFE96412A3BAE100078BE3C /* Helper */ = {
			isa = PBXGroup;
			children = (
				4EFE96422A3BAE270078BE3C /* VideoPlayerHelper.swift */,
			);
			path = Helper;
			sourceTree = "<group>";
		};
		4EFE964F2A3CF9410078BE3C /* Stickers */ = {
			isa = PBXGroup;
			children = (
				4EFE96502A3CF9430078BE3C /* Stickers.xcassets */,
				4EFE96522A3CF9430078BE3C /* Info.plist */,
			);
			path = Stickers;
			sourceTree = "<group>";
		};
		4EFE965C2A3CFD160078BE3C /* Modifier */ = {
			isa = PBXGroup;
			children = (
				4EFE965D2A3CFD280078BE3C /* CenterModifier.swift */,
			);
			path = Modifier;
			sourceTree = "<group>";
		};
/* End PBXGroup section */

/* Begin PBXNativeTarget section */
		4E3CF22E2A2E30460089D5B1 /* Africa */ = {
			isa = PBXNativeTarget;
			buildConfigurationList = 4E3CF23D2A2E30490089D5B1 /* Build configuration list for PBXNativeTarget "Africa" */;
			buildPhases = (
				4E3CF22B2A2E30460089D5B1 /* Sources */,
				4E3CF22C2A2E30460089D5B1 /* Frameworks */,
				4E3CF22D2A2E30460089D5B1 /* Resources */,
				4EFE96592A3CF9430078BE3C /* Embed Foundation Extensions */,
			);
			buildRules = (
			);
			dependencies = (
				4EFE96542A3CF9430078BE3C /* PBXTargetDependency */,
			);
			name = Africa;
			productName = Africa;
			productReference = 4E3CF22F2A2E30460089D5B1 /* Africa.app */;
			productType = "com.apple.product-type.application";
		};
		4EFE964D2A3CF9410078BE3C /* Stickers */ = {
			isa = PBXNativeTarget;
			buildConfigurationList = 4EFE96562A3CF9430078BE3C /* Build configuration list for PBXNativeTarget "Stickers" */;
			buildPhases = (
				4EFE964C2A3CF9410078BE3C /* Resources */,
			);
			buildRules = (
			);
			dependencies = (
			);
			name = Stickers;
			productName = Stickers;
			productReference = 4EFE964E2A3CF9410078BE3C /* Stickers.appex */;
			productType = "com.apple.product-type.app-extension.messages-sticker-pack";
		};
/* End PBXNativeTarget section */

/* Begin PBXProject section */
		4E3CF2272A2E30450089D5B1 /* Project object */ = {
			isa = PBXProject;
			attributes = {
				BuildIndependentTargetsInParallel = 1;
				LastSwiftUpdateCheck = 1430;
				LastUpgradeCheck = 1430;
				TargetAttributes = {
					4E3CF22E2A2E30460089D5B1 = {
						CreatedOnToolsVersion = 14.3.1;
					};
					4EFE964D2A3CF9410078BE3C = {
						CreatedOnToolsVersion = 14.3.1;
					};
				};
			};
			buildConfigurationList = 4E3CF22A2A2E30450089D5B1 /* Build configuration list for PBXProject "Africa" */;
			compatibilityVersion = "Xcode 14.0";
			developmentRegion = en;
			hasScannedForEncodings = 0;
			knownRegions = (
				en,
				Base,
			);
			mainGroup = 4E3CF2262A2E30450089D5B1;
			productRefGroup = 4E3CF2302A2E30460089D5B1 /* Products */;
			projectDirPath = "";
			projectRoot = "";
			targets = (
				4E3CF22E2A2E30460089D5B1 /* Africa */,
				4EFE964D2A3CF9410078BE3C /* Stickers */,
			);
		};
/* End PBXProject section */

/* Begin PBXResourcesBuildPhase section */
		4E3CF22D2A2E30460089D5B1 /* Resources */ = {
			isa = PBXResourcesBuildPhase;
			buildActionMask = 2147483647;
			files = (
				4E3CF25A2A2E442D0089D5B1 /* covers.json in Resources */,
				4E3CF24C2A2E43FE0089D5B1 /* hippo.mp4 in Resources */,
				4E3CF24B2A2E43FE0089D5B1 /* rhino.mp4 in Resources */,
				4E3CF25B2A2E442D0089D5B1 /* videos.json in Resources */,
				4E3CF24E2A2E43FE0089D5B1 /* elephant.mp4 in Resources */,
				4E3CF23A2A2E30490089D5B1 /* Preview Assets.xcassets in Resources */,
				4E3CF2502A2E43FE0089D5B1 /* gorilla.mp4 in Resources */,
				4E3CF25C2A2E442D0089D5B1 /* locations.json in Resources */,
				4E3CF2372A2E30490089D5B1 /* Assets.xcassets in Resources */,
				4E3CF25D2A2E442D0089D5B1 /* animals.json in Resources */,
				4E3CF24F2A2E43FE0089D5B1 /* zebra.mp4 in Resources */,
				4E3CF2512A2E43FE0089D5B1 /* lion.mp4 in Resources */,
				4E3CF2522A2E43FE0089D5B1 /* ostrich.mp4 in Resources */,
				4E3CF24D2A2E43FE0089D5B1 /* giraffe.mp4 in Resources */,
				4E3CF2532A2E43FE0089D5B1 /* cheetah.mp4 in Resources */,
				4E3CF2542A2E43FE0089D5B1 /* lioness.mp4 in Resources */,
			);
			runOnlyForDeploymentPostprocessing = 0;
		};
		4EFE964C2A3CF9410078BE3C /* Resources */ = {
			isa = PBXResourcesBuildPhase;
			buildActionMask = 2147483647;
			files = (
				4EFE96512A3CF9430078BE3C /* Stickers.xcassets in Resources */,
			);
			runOnlyForDeploymentPostprocessing = 0;
		};
/* End PBXResourcesBuildPhase section */

/* Begin PBXSourcesBuildPhase section */
		4E3CF22B2A2E30460089D5B1 /* Sources */ = {
			isa = PBXSourcesBuildPhase;
			buildActionMask = 2147483647;
			files = (
				4E0406182A340F9A00572E17 /* ExternalWeblinkView.swift in Sources */,
				4E04060A2A33F4E800572E17 /* AnimalListView.swift in Sources */,
				4E3CF2352A2E30460089D5B1 /* ContentView.swift in Sources */,
				4EF950B32A312DA1009D43DB /* MainView.swift in Sources */,
				4E0406142A34006200572E17 /* InsetFactView.swift in Sources */,
				4EF950B62A31301A009D43DB /* CoverImageView.swift in Sources */,
				4EF950B92A3131D3009D43DB /* CoverImageModel.swift in Sources */,
				4E04060E2A33FB1700572E17 /* AnimalDetailView.swift in Sources */,
				4E04060C2A33F68000572E17 /* AnimalModel.swift in Sources */,
				4EF950AF2A312870009D43DB /* MapView.swift in Sources */,
				4EFE96432A3BAE270078BE3C /* VideoPlayerHelper.swift in Sources */,
				4E0406162A3403A700572E17 /* InsetMapView.swift in Sources */,
				4E3CF2332A2E30460089D5B1 /* AfricaApp.swift in Sources */,
				4EFE96472A3C54DF0078BE3C /* MapAnnotationView.swift in Sources */,
				4E4C20DC2A311CF5008DF249 /* VideoListView.swift in Sources */,
				4EFE963C2A3BA8500078BE3C /* VideoModel.swift in Sources */,
				4EF950B12A312B25009D43DB /* GalleryView.swift in Sources */,
				4EFE96452A3C4DC80078BE3C /* LocationModel.swift in Sources */,
				4EFE964B2A3C755E0078BE3C /* AnimalGridItemView.swift in Sources */,
				4E0406122A33FE1C00572E17 /* InsetGalleryView.swift in Sources */,
				4EFE963E2A3BA8A20078BE3C /* VideoListItemView.swift in Sources */,
				4EFE965B2A3CFB870078BE3C /* CreditsView.swift in Sources */,
				4EF950BC2A313287009D43DB /* CodableBundleExtension.swift in Sources */,
				4EFE96492A3C589F0078BE3C /* MotionAnimationView.swift in Sources */,
				4EFE965E2A3CFD280078BE3C /* CenterModifier.swift in Sources */,
				4E0406102A33FD6200572E17 /* HeadingView.swift in Sources */,
				4EFE96402A3BAD620078BE3C /* VideoPlayerView.swift in Sources */,
			);
			runOnlyForDeploymentPostprocessing = 0;
		};
/* End PBXSourcesBuildPhase section */

/* Begin PBXTargetDependency section */
		4EFE96542A3CF9430078BE3C /* PBXTargetDependency */ = {
			isa = PBXTargetDependency;
			platformFilter = ios;
			target = 4EFE964D2A3CF9410078BE3C /* Stickers */;
			targetProxy = 4EFE96532A3CF9430078BE3C /* PBXContainerItemProxy */;
		};
/* End PBXTargetDependency section */

/* Begin XCBuildConfiguration section */
		4E3CF23B2A2E30490089D5B1 /* Debug */ = {
			isa = XCBuildConfiguration;
			buildSettings = {
				ALWAYS_SEARCH_USER_PATHS = NO;
				CLANG_ANALYZER_NONNULL = YES;
				CLANG_ANALYZER_NUMBER_OBJECT_CONVERSION = YES_AGGRESSIVE;
				CLANG_CXX_LANGUAGE_STANDARD = "gnu++20";
				CLANG_ENABLE_MODULES = YES;
				CLANG_ENABLE_OBJC_ARC = YES;
				CLANG_ENABLE_OBJC_WEAK = YES;
				CLANG_WARN_BLOCK_CAPTURE_AUTORELEASING = YES;
				CLANG_WARN_BOOL_CONVERSION = YES;
				CLANG_WARN_COMMA = YES;
				CLANG_WARN_CONSTANT_CONVERSION = YES;
				CLANG_WARN_DEPRECATED_OBJC_IMPLEMENTATIONS = YES;
				CLANG_WARN_DIRECT_OBJC_ISA_USAGE = YES_ERROR;
				CLANG_WARN_DOCUMENTATION_COMMENTS = YES;
				CLANG_WARN_EMPTY_BODY = YES;
				CLANG_WARN_ENUM_CONVERSION = YES;
				CLANG_WARN_INFINITE_RECURSION = YES;
				CLANG_WARN_INT_CONVERSION = YES;
				CLANG_WARN_NON_LITERAL_NULL_CONVERSION = YES;
				CLANG_WARN_OBJC_IMPLICIT_RETAIN_SELF = YES;
				CLANG_WARN_OBJC_LITERAL_CONVERSION = YES;
				CLANG_WARN_OBJC_ROOT_CLASS = YES_ERROR;
				CLANG_WARN_QUOTED_INCLUDE_IN_FRAMEWORK_HEADER = YES;
				CLANG_WARN_RANGE_LOOP_ANALYSIS = YES;
				CLANG_WARN_STRICT_PROTOTYPES = YES;
				CLANG_WARN_SUSPICIOUS_MOVE = YES;
				CLANG_WARN_UNGUARDED_AVAILABILITY = YES_AGGRESSIVE;
				CLANG_WARN_UNREACHABLE_CODE = YES;
				CLANG_WARN__DUPLICATE_METHOD_MATCH = YES;
				COPY_PHASE_STRIP = NO;
				DEBUG_INFORMATION_FORMAT = dwarf;
				ENABLE_STRICT_OBJC_MSGSEND = YES;
				ENABLE_TESTABILITY = YES;
				GCC_C_LANGUAGE_STANDARD = gnu11;
				GCC_DYNAMIC_NO_PIC = NO;
				GCC_NO_COMMON_BLOCKS = YES;
				GCC_OPTIMIZATION_LEVEL = 0;
				GCC_PREPROCESSOR_DEFINITIONS = (
					"DEBUG=1",
					"$(inherited)",
				);
				GCC_WARN_64_TO_32_BIT_CONVERSION = YES;
				GCC_WARN_ABOUT_RETURN_TYPE = YES_ERROR;
				GCC_WARN_UNDECLARED_SELECTOR = YES;
				GCC_WARN_UNINITIALIZED_AUTOS = YES_AGGRESSIVE;
				GCC_WARN_UNUSED_FUNCTION = YES;
				GCC_WARN_UNUSED_VARIABLE = YES;
				IPHONEOS_DEPLOYMENT_TARGET = 16.4;
				MTL_ENABLE_DEBUG_INFO = INCLUDE_SOURCE;
				MTL_FAST_MATH = YES;
				ONLY_ACTIVE_ARCH = YES;
				SDKROOT = iphoneos;
				SWIFT_ACTIVE_COMPILATION_CONDITIONS = DEBUG;
				SWIFT_OPTIMIZATION_LEVEL = "-Onone";
			};
			name = Debug;
		};
		4E3CF23C2A2E30490089D5B1 /* Release */ = {
			isa = XCBuildConfiguration;
			buildSettings = {
				ALWAYS_SEARCH_USER_PATHS = NO;
				CLANG_ANALYZER_NONNULL = YES;
				CLANG_ANALYZER_NUMBER_OBJECT_CONVERSION = YES_AGGRESSIVE;
				CLANG_CXX_LANGUAGE_STANDARD = "gnu++20";
				CLANG_ENABLE_MODULES = YES;
				CLANG_ENABLE_OBJC_ARC = YES;
				CLANG_ENABLE_OBJC_WEAK = YES;
				CLANG_WARN_BLOCK_CAPTURE_AUTORELEASING = YES;
				CLANG_WARN_BOOL_CONVERSION = YES;
				CLANG_WARN_COMMA = YES;
				CLANG_WARN_CONSTANT_CONVERSION = YES;
				CLANG_WARN_DEPRECATED_OBJC_IMPLEMENTATIONS = YES;
				CLANG_WARN_DIRECT_OBJC_ISA_USAGE = YES_ERROR;
				CLANG_WARN_DOCUMENTATION_COMMENTS = YES;
				CLANG_WARN_EMPTY_BODY = YES;
				CLANG_WARN_ENUM_CONVERSION = YES;
				CLANG_WARN_INFINITE_RECURSION = YES;
				CLANG_WARN_INT_CONVERSION = YES;
				CLANG_WARN_NON_LITERAL_NULL_CONVERSION = YES;
				CLANG_WARN_OBJC_IMPLICIT_RETAIN_SELF = YES;
				CLANG_WARN_OBJC_LITERAL_CONVERSION = YES;
				CLANG_WARN_OBJC_ROOT_CLASS = YES_ERROR;
				CLANG_WARN_QUOTED_INCLUDE_IN_FRAMEWORK_HEADER = YES;
				CLANG_WARN_RANGE_LOOP_ANALYSIS = YES;
				CLANG_WARN_STRICT_PROTOTYPES = YES;
				CLANG_WARN_SUSPICIOUS_MOVE = YES;
				CLANG_WARN_UNGUARDED_AVAILABILITY = YES_AGGRESSIVE;
				CLANG_WARN_UNREACHABLE_CODE = YES;
				CLANG_WARN__DUPLICATE_METHOD_MATCH = YES;
				COPY_PHASE_STRIP = NO;
				DEBUG_INFORMATION_FORMAT = "dwarf-with-dsym";
				ENABLE_NS_ASSERTIONS = NO;
				ENABLE_STRICT_OBJC_MSGSEND = YES;
				GCC_C_LANGUAGE_STANDARD = gnu11;
				GCC_NO_COMMON_BLOCKS = YES;
				GCC_WARN_64_TO_32_BIT_CONVERSION = YES;
				GCC_WARN_ABOUT_RETURN_TYPE = YES_ERROR;
				GCC_WARN_UNDECLARED_SELECTOR = YES;
				GCC_WARN_UNINITIALIZED_AUTOS = YES_AGGRESSIVE;
				GCC_WARN_UNUSED_FUNCTION = YES;
				GCC_WARN_UNUSED_VARIABLE = YES;
				IPHONEOS_DEPLOYMENT_TARGET = 16.4;
				MTL_ENABLE_DEBUG_INFO = NO;
				MTL_FAST_MATH = YES;
				SDKROOT = iphoneos;
				SWIFT_COMPILATION_MODE = wholemodule;
				SWIFT_OPTIMIZATION_LEVEL = "-O";
				VALIDATE_PRODUCT = YES;
			};
			name = Release;
		};
		4E3CF23E2A2E30490089D5B1 /* Debug */ = {
			isa = XCBuildConfiguration;
			buildSettings = {
				ASSETCATALOG_COMPILER_APPICON_NAME = AppIcon;
				ASSETCATALOG_COMPILER_GLOBAL_ACCENT_COLOR_NAME = AccentColor;
				CODE_SIGN_ENTITLEMENTS = Africa/Africa.entitlements;
				CODE_SIGN_STYLE = Automatic;
				CURRENT_PROJECT_VERSION = 1;
				DEVELOPMENT_ASSET_PATHS = "\"Africa/Preview Content\"";
				DEVELOPMENT_TEAM = LXK8VH3962;
				ENABLE_PREVIEWS = YES;
				GENERATE_INFOPLIST_FILE = YES;
				INFOPLIST_FILE = Africa/Info.plist;
				INFOPLIST_KEY_UIApplicationSceneManifest_Generation = YES;
				INFOPLIST_KEY_UIApplicationSupportsIndirectInputEvents = YES;
				INFOPLIST_KEY_UISupportedInterfaceOrientations_iPad = "UIInterfaceOrientationPortrait UIInterfaceOrientationPortraitUpsideDown UIInterfaceOrientationLandscapeLeft UIInterfaceOrientationLandscapeRight";
				INFOPLIST_KEY_UISupportedInterfaceOrientations_iPhone = "UIInterfaceOrientationPortrait UIInterfaceOrientationLandscapeLeft UIInterfaceOrientationLandscapeRight";
				INFOPLIST_KEY_UIUserInterfaceStyle = Dark;
				IPHONEOS_DEPLOYMENT_TARGET = 15.0;
				LD_RUNPATH_SEARCH_PATHS = (
					"$(inherited)",
					"@executable_path/Frameworks",
				);
				MARKETING_VERSION = 1.0;
				PRODUCT_BUNDLE_IDENTIFIER = com.jesusfortuna.Africa;
				PRODUCT_NAME = "$(TARGET_NAME)";
				SUPPORTED_PLATFORMS = "iphoneos iphonesimulator";
				SUPPORTS_MACCATALYST = YES;
				SUPPORTS_MAC_DESIGNED_FOR_IPHONE_IPAD = YES;
				SWIFT_EMIT_LOC_STRINGS = YES;
				SWIFT_VERSION = 5.0;
				TARGETED_DEVICE_FAMILY = "1,2";
			};
			name = Debug;
		};
		4E3CF23F2A2E30490089D5B1 /* Release */ = {
			isa = XCBuildConfiguration;
			buildSettings = {
				ASSETCATALOG_COMPILER_APPICON_NAME = AppIcon;
				ASSETCATALOG_COMPILER_GLOBAL_ACCENT_COLOR_NAME = AccentColor;
				CODE_SIGN_ENTITLEMENTS = Africa/Africa.entitlements;
				CODE_SIGN_STYLE = Automatic;
				CURRENT_PROJECT_VERSION = 1;
				DEVELOPMENT_ASSET_PATHS = "\"Africa/Preview Content\"";
				DEVELOPMENT_TEAM = LXK8VH3962;
				ENABLE_PREVIEWS = YES;
				GENERATE_INFOPLIST_FILE = YES;
				INFOPLIST_FILE = Africa/Info.plist;
				INFOPLIST_KEY_UIApplicationSceneManifest_Generation = YES;
				INFOPLIST_KEY_UIApplicationSupportsIndirectInputEvents = YES;
				INFOPLIST_KEY_UISupportedInterfaceOrientations_iPad = "UIInterfaceOrientationPortrait UIInterfaceOrientationPortraitUpsideDown UIInterfaceOrientationLandscapeLeft UIInterfaceOrientationLandscapeRight";
				INFOPLIST_KEY_UISupportedInterfaceOrientations_iPhone = "UIInterfaceOrientationPortrait UIInterfaceOrientationLandscapeLeft UIInterfaceOrientationLandscapeRight";
				INFOPLIST_KEY_UIUserInterfaceStyle = Dark;
				IPHONEOS_DEPLOYMENT_TARGET = 15.0;
				LD_RUNPATH_SEARCH_PATHS = (
					"$(inherited)",
					"@executable_path/Frameworks",
				);
				MARKETING_VERSION = 1.0;
				PRODUCT_BUNDLE_IDENTIFIER = com.jesusfortuna.Africa;
				PRODUCT_NAME = "$(TARGET_NAME)";
				SUPPORTED_PLATFORMS = "iphoneos iphonesimulator";
				SUPPORTS_MACCATALYST = YES;
				SUPPORTS_MAC_DESIGNED_FOR_IPHONE_IPAD = YES;
				SWIFT_EMIT_LOC_STRINGS = YES;
				SWIFT_VERSION = 5.0;
				TARGETED_DEVICE_FAMILY = "1,2";
			};
			name = Release;
		};
		4EFE96572A3CF9430078BE3C /* Debug */ = {
			isa = XCBuildConfiguration;
			buildSettings = {
				ASSETCATALOG_COMPILER_APPICON_NAME = "iMessage App Icon";
				CODE_SIGN_STYLE = Automatic;
				CURRENT_PROJECT_VERSION = 1;
				DEVELOPMENT_TEAM = LXK8VH3962;
				GENERATE_INFOPLIST_FILE = YES;
				INFOPLIST_FILE = Stickers/Info.plist;
				INFOPLIST_KEY_CFBundleDisplayName = Africa;
				MARKETING_VERSION = 1.0;
				PRODUCT_BUNDLE_IDENTIFIER = com.jesusfortuna.Africa.Stickers;
				PRODUCT_NAME = "$(TARGET_NAME)";
				SKIP_INSTALL = YES;
				SUPPORTS_MACCATALYST = NO;
				SWIFT_EMIT_LOC_STRINGS = YES;
				TARGETED_DEVICE_FAMILY = "1,2";
			};
			name = Debug;
		};
		4EFE96582A3CF9430078BE3C /* Release */ = {
			isa = XCBuildConfiguration;
			buildSettings = {
				ASSETCATALOG_COMPILER_APPICON_NAME = "iMessage App Icon";
				CODE_SIGN_STYLE = Automatic;
				CURRENT_PROJECT_VERSION = 1;
				DEVELOPMENT_TEAM = LXK8VH3962;
				GENERATE_INFOPLIST_FILE = YES;
				INFOPLIST_FILE = Stickers/Info.plist;
				INFOPLIST_KEY_CFBundleDisplayName = Africa;
				MARKETING_VERSION = 1.0;
				PRODUCT_BUNDLE_IDENTIFIER = com.jesusfortuna.Africa.Stickers;
				PRODUCT_NAME = "$(TARGET_NAME)";
				SKIP_INSTALL = YES;
				SUPPORTS_MACCATALYST = NO;
				SWIFT_EMIT_LOC_STRINGS = YES;
				TARGETED_DEVICE_FAMILY = "1,2";
			};
			name = Release;
		};
/* End XCBuildConfiguration section */

/* Begin XCConfigurationList section */
		4E3CF22A2A2E30450089D5B1 /* Build configuration list for PBXProject "Africa" */ = {
			isa = XCConfigurationList;
			buildConfigurations = (
				4E3CF23B2A2E30490089D5B1 /* Debug */,
				4E3CF23C2A2E30490089D5B1 /* Release */,
			);
			defaultConfigurationIsVisible = 0;
			defaultConfigurationName = Release;
		};
		4E3CF23D2A2E30490089D5B1 /* Build configuration list for PBXNativeTarget "Africa" */ = {
			isa = XCConfigurationList;
			buildConfigurations = (
				4E3CF23E2A2E30490089D5B1 /* Debug */,
				4E3CF23F2A2E30490089D5B1 /* Release */,
			);
			defaultConfigurationIsVisible = 0;
			defaultConfigurationName = Release;
		};
		4EFE96562A3CF9430078BE3C /* Build configuration list for PBXNativeTarget "Stickers" */ = {
			isa = XCConfigurationList;
			buildConfigurations = (
				4EFE96572A3CF9430078BE3C /* Debug */,
				4EFE96582A3CF9430078BE3C /* Release */,
			);
			defaultConfigurationIsVisible = 0;
			defaultConfigurationName = Release;
		};
/* End XCConfigurationList section */
	};
	rootObject = 4E3CF2272A2E30450089D5B1 /* Project object */;
}
